// !$*UTF8*$!
{
	archiveVersion = 1;
	classes = {
	};
	objectVersion = 46;
	objects = {

/* Begin PBXBuildFile section */
		11085E3718AD34A100954630 /* white_babor_02.png in Resources */ = {isa = PBXBuildFile; fileRef = 11085E3118AD34A100954630 /* white_babor_02.png */; };
		11085E3818AD34A100954630 /* white_babor_01.png in Resources */ = {isa = PBXBuildFile; fileRef = 11085E3218AD34A100954630 /* white_babor_01.png */; };
		11085E3918AD34A100954630 /* babor_01.png in Resources */ = {isa = PBXBuildFile; fileRef = 11085E3318AD34A100954630 /* babor_01.png */; };
		11085E3A18AD34A100954630 /* babor_02.png in Resources */ = {isa = PBXBuildFile; fileRef = 11085E3418AD34A100954630 /* babor_02.png */; };
		1193247118B40C5300B485A2 /* blop.mp3 in Resources */ = {isa = PBXBuildFile; fileRef = 1193246F18B40C5300B485A2 /* blop.mp3 */; };
		1193247218B40C5300B485A2 /* woosh.mp3 in Resources */ = {isa = PBXBuildFile; fileRef = 1193247018B40C5300B485A2 /* woosh.mp3 */; };
		1193247C18B4B50100B485A2 /* clang.mp3 in Resources */ = {isa = PBXBuildFile; fileRef = 1193247B18B4B50100B485A2 /* clang.mp3 */; };
		11B2F95B18B6418B0090AF41 /* pixelized.ttf in Resources */ = {isa = PBXBuildFile; fileRef = 11B2F95A18B6418B0090AF41 /* pixelized.ttf */; };
		11B2F95E18B648BE0090AF41 /* ok-btn.png in Resources */ = {isa = PBXBuildFile; fileRef = 11B2F95C18B648BE0090AF41 /* ok-btn.png */; };
		11B2F95F18B648BE0090AF41 /* ok-btn-pressed.png in Resources */ = {isa = PBXBuildFile; fileRef = 11B2F95D18B648BE0090AF41 /* ok-btn-pressed.png */; };
		11B2F96218B648C80090AF41 /* start-btn.png in Resources */ = {isa = PBXBuildFile; fileRef = 11B2F96018B648C80090AF41 /* start-btn.png */; };
		11B2F96318B648C80090AF41 /* start-btn-pressed.png in Resources */ = {isa = PBXBuildFile; fileRef = 11B2F96118B648C80090AF41 /* start-btn-pressed.png */; };
		11B2F96918B66D990090AF41 /* logo.png in Resources */ = {isa = PBXBuildFile; fileRef = 11B2F96818B66D990090AF41 /* logo.png */; };
		11B2F97618B6712B0090AF41 /* clouds.png in Resources */ = {isa = PBXBuildFile; fileRef = 11B2F96F18B6712B0090AF41 /* clouds.png */; };
		11B2F97718B6712B0090AF41 /* ground.png in Resources */ = {isa = PBXBuildFile; fileRef = 11B2F97018B6712B0090AF41 /* ground.png */; };
		11B2F97818B6712B0090AF41 /* trees.png in Resources */ = {isa = PBXBuildFile; fileRef = 11B2F97118B6712B0090AF41 /* trees.png */; };
		11B2F97918B6712B0090AF41 /* dirt.png in Resources */ = {isa = PBXBuildFile; fileRef = 11B2F97218B6712B0090AF41 /* dirt.png */; };
		11B2F97A18B6712B0090AF41 /* top-book.png in Resources */ = {isa = PBXBuildFile; fileRef = 11B2F97318B6712B0090AF41 /* top-book.png */; };
		11B2F97B18B6712B0090AF41 /* bot-book.png in Resources */ = {isa = PBXBuildFile; fileRef = 11B2F97418B6712B0090AF41 /* bot-book.png */; };
		11B2F97C18B6712B0090AF41 /* sky.png in Resources */ = {isa = PBXBuildFile; fileRef = 11B2F97518B6712B0090AF41 /* sky.png */; };
		11B3D6DF18AB85B6006F5B7A /* Foundation.framework in Frameworks */ = {isa = PBXBuildFile; fileRef = 11B3D6DE18AB85B6006F5B7A /* Foundation.framework */; };
		11B3D6E118AB85B6006F5B7A /* CoreGraphics.framework in Frameworks */ = {isa = PBXBuildFile; fileRef = 11B3D6E018AB85B6006F5B7A /* CoreGraphics.framework */; };
		11B3D6E318AB85B6006F5B7A /* UIKit.framework in Frameworks */ = {isa = PBXBuildFile; fileRef = 11B3D6E218AB85B6006F5B7A /* UIKit.framework */; };
		11B3D6E518AB85B6006F5B7A /* SpriteKit.framework in Frameworks */ = {isa = PBXBuildFile; fileRef = 11B3D6E418AB85B6006F5B7A /* SpriteKit.framework */; };
		11B3D6EB18AB85B6006F5B7A /* InfoPlist.strings in Resources */ = {isa = PBXBuildFile; fileRef = 11B3D6E918AB85B6006F5B7A /* InfoPlist.strings */; };
		11B3D6ED18AB85B6006F5B7A /* main.m in Sources */ = {isa = PBXBuildFile; fileRef = 11B3D6EC18AB85B6006F5B7A /* main.m */; };
		11B3D6F118AB85B6006F5B7A /* AppDelegate.m in Sources */ = {isa = PBXBuildFile; fileRef = 11B3D6F018AB85B6006F5B7A /* AppDelegate.m */; };
		11B3D6F418AB85B6006F5B7A /* Main_iPhone.storyboard in Resources */ = {isa = PBXBuildFile; fileRef = 11B3D6F218AB85B6006F5B7A /* Main_iPhone.storyboard */; };
		11B3D6FA18AB85B6006F5B7A /* GameViewController.m in Sources */ = {isa = PBXBuildFile; fileRef = 11B3D6F918AB85B6006F5B7A /* GameViewController.m */; };
		11B3D6FD18AB85B6006F5B7A /* GameScene.m in Sources */ = {isa = PBXBuildFile; fileRef = 11B3D6FC18AB85B6006F5B7A /* GameScene.m */; };
		11C5F8DE18B7381700B7477C /* ScoreScene.m in Sources */ = {isa = PBXBuildFile; fileRef = 11C5F8DD18B7381700B7477C /* ScoreScene.m */; };
		11C5F8E018B73BA300B7477C /* GameKit.framework in Frameworks */ = {isa = PBXBuildFile; fileRef = 11C5F8DF18B73BA300B7477C /* GameKit.framework */; };
		11C96A1218B35F5F00E2FE93 /* MenuScene.m in Sources */ = {isa = PBXBuildFile; fileRef = 11C96A1118B35F5F00E2FE93 /* MenuScene.m */; };
		11ED176618B7A96400D36722 /* score-btn.png in Resources */ = {isa = PBXBuildFile; fileRef = 11ED176418B7A96400D36722 /* score-btn.png */; };
		11ED176718B7A96400D36722 /* score-btn-pressed.png in Resources */ = {isa = PBXBuildFile; fileRef = 11ED176518B7A96400D36722 /* score-btn-pressed.png */; };
		11ED176C18B7AC7100D36722 /* rate-btn.png in Resources */ = {isa = PBXBuildFile; fileRef = 11ED176818B7AC7100D36722 /* rate-btn.png */; };
		11ED176D18B7AC7100D36722 /* rate-btn-pressed.png in Resources */ = {isa = PBXBuildFile; fileRef = 11ED176918B7AC7100D36722 /* rate-btn-pressed.png */; };
		11ED177218B7AE6A00D36722 /* highscore.png in Resources */ = {isa = PBXBuildFile; fileRef = 11ED177018B7AE6A00D36722 /* highscore.png */; };
		11ED177318B7AE6A00D36722 /* newscore.png in Resources */ = {isa = PBXBuildFile; fileRef = 11ED177118B7AE6A00D36722 /* newscore.png */; };
		11ED177518B7BEE500D36722 /* iAd.framework in Frameworks */ = {isa = PBXBuildFile; fileRef = 11ED177418B7BEE500D36722 /* iAd.framework */; };
		11ED177718B7CBA900D36722 /* Images.xcassets in Resources */ = {isa = PBXBuildFile; fileRef = 11ED177618B7CBA900D36722 /* Images.xcassets */; };
/* End PBXBuildFile section */

/* Begin PBXFileReference section */
		11085E3118AD34A100954630 /* white_babor_02.png */ = {isa = PBXFileReference; lastKnownFileType = image.png; path = white_babor_02.png; sourceTree = "<group>"; };
		11085E3218AD34A100954630 /* white_babor_01.png */ = {isa = PBXFileReference; lastKnownFileType = image.png; path = white_babor_01.png; sourceTree = "<group>"; };
		11085E3318AD34A100954630 /* babor_01.png */ = {isa = PBXFileReference; lastKnownFileType = image.png; path = babor_01.png; sourceTree = "<group>"; };
		11085E3418AD34A100954630 /* babor_02.png */ = {isa = PBXFileReference; lastKnownFileType = image.png; path = babor_02.png; sourceTree = "<group>"; };
		1193246F18B40C5300B485A2 /* blop.mp3 */ = {isa = PBXFileReference; lastKnownFileType = audio.mp3; path = blop.mp3; sourceTree = "<group>"; };
		1193247018B40C5300B485A2 /* woosh.mp3 */ = {isa = PBXFileReference; lastKnownFileType = audio.mp3; path = woosh.mp3; sourceTree = "<group>"; };
		1193247B18B4B50100B485A2 /* clang.mp3 */ = {isa = PBXFileReference; lastKnownFileType = audio.mp3; path = clang.mp3; sourceTree = "<group>"; };
		11B2F95A18B6418B0090AF41 /* pixelized.ttf */ = {isa = PBXFileReference; lastKnownFileType = file; path = pixelized.ttf; sourceTree = "<group>"; };
		11B2F95C18B648BE0090AF41 /* ok-btn.png */ = {isa = PBXFileReference; lastKnownFileType = image.png; path = "ok-btn.png"; sourceTree = "<group>"; };
		11B2F95D18B648BE0090AF41 /* ok-btn-pressed.png */ = {isa = PBXFileReference; lastKnownFileType = image.png; path = "ok-btn-pressed.png"; sourceTree = "<group>"; };
		11B2F96018B648C80090AF41 /* start-btn.png */ = {isa = PBXFileReference; lastKnownFileType = image.png; path = "start-btn.png"; sourceTree = "<group>"; };
		11B2F96118B648C80090AF41 /* start-btn-pressed.png */ = {isa = PBXFileReference; lastKnownFileType = image.png; path = "start-btn-pressed.png"; sourceTree = "<group>"; };
		11B2F96818B66D990090AF41 /* logo.png */ = {isa = PBXFileReference; lastKnownFileType = image.png; path = logo.png; sourceTree = "<group>"; };
		11B2F96F18B6712B0090AF41 /* clouds.png */ = {isa = PBXFileReference; lastKnownFileType = image.png; path = clouds.png; sourceTree = "<group>"; };
		11B2F97018B6712B0090AF41 /* ground.png */ = {isa = PBXFileReference; lastKnownFileType = image.png; path = ground.png; sourceTree = "<group>"; };
		11B2F97118B6712B0090AF41 /* trees.png */ = {isa = PBXFileReference; lastKnownFileType = image.png; path = trees.png; sourceTree = "<group>"; };
		11B2F97218B6712B0090AF41 /* dirt.png */ = {isa = PBXFileReference; lastKnownFileType = image.png; path = dirt.png; sourceTree = "<group>"; };
		11B2F97318B6712B0090AF41 /* top-book.png */ = {isa = PBXFileReference; lastKnownFileType = image.png; path = "top-book.png"; sourceTree = "<group>"; };
		11B2F97418B6712B0090AF41 /* bot-book.png */ = {isa = PBXFileReference; lastKnownFileType = image.png; path = "bot-book.png"; sourceTree = "<group>"; };
		11B2F97518B6712B0090AF41 /* sky.png */ = {isa = PBXFileReference; lastKnownFileType = image.png; path = sky.png; sourceTree = "<group>"; };
		11B3D6DB18AB85B6006F5B7A /* Fap Fap Babor.app */ = {isa = PBXFileReference; explicitFileType = wrapper.application; includeInIndex = 0; path = "Fap Fap Babor.app"; sourceTree = BUILT_PRODUCTS_DIR; };
		11B3D6DE18AB85B6006F5B7A /* Foundation.framework */ = {isa = PBXFileReference; lastKnownFileType = wrapper.framework; name = Foundation.framework; path = System/Library/Frameworks/Foundation.framework; sourceTree = SDKROOT; };
		11B3D6E018AB85B6006F5B7A /* CoreGraphics.framework */ = {isa = PBXFileReference; lastKnownFileType = wrapper.framework; name = CoreGraphics.framework; path = System/Library/Frameworks/CoreGraphics.framework; sourceTree = SDKROOT; };
		11B3D6E218AB85B6006F5B7A /* UIKit.framework */ = {isa = PBXFileReference; lastKnownFileType = wrapper.framework; name = UIKit.framework; path = System/Library/Frameworks/UIKit.framework; sourceTree = SDKROOT; };
		11B3D6E418AB85B6006F5B7A /* SpriteKit.framework */ = {isa = PBXFileReference; lastKnownFileType = wrapper.framework; name = SpriteKit.framework; path = System/Library/Frameworks/SpriteKit.framework; sourceTree = SDKROOT; };
		11B3D6E818AB85B6006F5B7A /* Dumbor-Info.plist */ = {isa = PBXFileReference; lastKnownFileType = text.plist.xml; path = "Dumbor-Info.plist"; sourceTree = "<group>"; };
		11B3D6EA18AB85B6006F5B7A /* en */ = {isa = PBXFileReference; lastKnownFileType = text.plist.strings; name = en; path = en.lproj/InfoPlist.strings; sourceTree = "<group>"; };
		11B3D6EC18AB85B6006F5B7A /* main.m */ = {isa = PBXFileReference; lastKnownFileType = sourcecode.c.objc; path = main.m; sourceTree = "<group>"; };
		11B3D6EE18AB85B6006F5B7A /* Dumbor-Prefix.pch */ = {isa = PBXFileReference; lastKnownFileType = sourcecode.c.h; path = "Dumbor-Prefix.pch"; sourceTree = "<group>"; };
		11B3D6EF18AB85B6006F5B7A /* AppDelegate.h */ = {isa = PBXFileReference; lastKnownFileType = sourcecode.c.h; path = AppDelegate.h; sourceTree = "<group>"; };
		11B3D6F018AB85B6006F5B7A /* AppDelegate.m */ = {isa = PBXFileReference; lastKnownFileType = sourcecode.c.objc; path = AppDelegate.m; sourceTree = "<group>"; };
		11B3D6F318AB85B6006F5B7A /* Base */ = {isa = PBXFileReference; lastKnownFileType = file.storyboard; name = Base; path = Base.lproj/Main_iPhone.storyboard; sourceTree = "<group>"; };
		11B3D6F818AB85B6006F5B7A /* GameViewController.h */ = {isa = PBXFileReference; lastKnownFileType = sourcecode.c.h; path = GameViewController.h; sourceTree = "<group>"; };
		11B3D6F918AB85B6006F5B7A /* GameViewController.m */ = {isa = PBXFileReference; lastKnownFileType = sourcecode.c.objc; path = GameViewController.m; sourceTree = "<group>"; };
		11B3D6FB18AB85B6006F5B7A /* GameScene.h */ = {isa = PBXFileReference; lastKnownFileType = sourcecode.c.h; path = GameScene.h; sourceTree = "<group>"; };
		11B3D6FC18AB85B6006F5B7A /* GameScene.m */ = {isa = PBXFileReference; lastKnownFileType = sourcecode.c.objc; path = GameScene.m; sourceTree = "<group>"; };
		11B3D70718AB85B6006F5B7A /* XCTest.framework */ = {isa = PBXFileReference; lastKnownFileType = wrapper.framework; name = XCTest.framework; path = Library/Frameworks/XCTest.framework; sourceTree = DEVELOPER_DIR; };
		11C5F8DC18B7381700B7477C /* ScoreScene.h */ = {isa = PBXFileReference; fileEncoding = 4; lastKnownFileType = sourcecode.c.h; path = ScoreScene.h; sourceTree = "<group>"; };
		11C5F8DD18B7381700B7477C /* ScoreScene.m */ = {isa = PBXFileReference; fileEncoding = 4; lastKnownFileType = sourcecode.c.objc; path = ScoreScene.m; sourceTree = "<group>"; };
		11C5F8DF18B73BA300B7477C /* GameKit.framework */ = {isa = PBXFileReference; lastKnownFileType = wrapper.framework; name = GameKit.framework; path = System/Library/Frameworks/GameKit.framework; sourceTree = SDKROOT; };
		11C96A1018B35F5F00E2FE93 /* MenuScene.h */ = {isa = PBXFileReference; fileEncoding = 4; lastKnownFileType = sourcecode.c.h; path = MenuScene.h; sourceTree = "<group>"; };
		11C96A1118B35F5F00E2FE93 /* MenuScene.m */ = {isa = PBXFileReference; fileEncoding = 4; lastKnownFileType = sourcecode.c.objc; path = MenuScene.m; sourceTree = "<group>"; };
		11ED176418B7A96400D36722 /* score-btn.png */ = {isa = PBXFileReference; lastKnownFileType = image.png; path = "score-btn.png"; sourceTree = "<group>"; };
		11ED176518B7A96400D36722 /* score-btn-pressed.png */ = {isa = PBXFileReference; lastKnownFileType = image.png; path = "score-btn-pressed.png"; sourceTree = "<group>"; };
		11ED176818B7AC7100D36722 /* rate-btn.png */ = {isa = PBXFileReference; lastKnownFileType = image.png; path = "rate-btn.png"; sourceTree = "<group>"; };
		11ED176918B7AC7100D36722 /* rate-btn-pressed.png */ = {isa = PBXFileReference; lastKnownFileType = image.png; path = "rate-btn-pressed.png"; sourceTree = "<group>"; };
		11ED177018B7AE6A00D36722 /* highscore.png */ = {isa = PBXFileReference; lastKnownFileType = image.png; path = highscore.png; sourceTree = "<group>"; };
		11ED177118B7AE6A00D36722 /* newscore.png */ = {isa = PBXFileReference; lastKnownFileType = image.png; path = newscore.png; sourceTree = "<group>"; };
		11ED177418B7BEE500D36722 /* iAd.framework */ = {isa = PBXFileReference; lastKnownFileType = wrapper.framework; name = iAd.framework; path = System/Library/Frameworks/iAd.framework; sourceTree = SDKROOT; };
		11ED177618B7CBA900D36722 /* Images.xcassets */ = {isa = PBXFileReference; lastKnownFileType = folder.assetcatalog; name = Images.xcassets; path = ../Images.xcassets; sourceTree = "<group>"; };
/* End PBXFileReference section */

/* Begin PBXFrameworksBuildPhase section */
		11B3D6D818AB85B6006F5B7A /* Frameworks */ = {
			isa = PBXFrameworksBuildPhase;
			buildActionMask = 2147483647;
			files = (
				11ED177518B7BEE500D36722 /* iAd.framework in Frameworks */,
				11B3D6E118AB85B6006F5B7A /* CoreGraphics.framework in Frameworks */,
				11B3D6E318AB85B6006F5B7A /* UIKit.framework in Frameworks */,
				11B3D6E518AB85B6006F5B7A /* SpriteKit.framework in Frameworks */,
				11B3D6DF18AB85B6006F5B7A /* Foundation.framework in Frameworks */,
				11C5F8E018B73BA300B7477C /* GameKit.framework in Frameworks */,
			);
			runOnlyForDeploymentPostprocessing = 0;
		};
/* End PBXFrameworksBuildPhase section */

/* Begin PBXGroup section */
		11B2F96718B64EE40090AF41 /* Scenes */ = {
			isa = PBXGroup;
			children = (
				11C5F8DC18B7381700B7477C /* ScoreScene.h */,
				11C5F8DD18B7381700B7477C /* ScoreScene.m */,
				11B3D6FB18AB85B6006F5B7A /* GameScene.h */,
				11B3D6FC18AB85B6006F5B7A /* GameScene.m */,
				11C96A1018B35F5F00E2FE93 /* MenuScene.h */,
				11C96A1118B35F5F00E2FE93 /* MenuScene.m */,
			);
			name = Scenes;
			sourceTree = "<group>";
		};
		11B2F96A18B670D10090AF41 /* menus */ = {
			isa = PBXGroup;
			children = (
				11ED177018B7AE6A00D36722 /* highscore.png */,
				11ED177118B7AE6A00D36722 /* newscore.png */,
				11ED176818B7AC7100D36722 /* rate-btn.png */,
				11ED176918B7AC7100D36722 /* rate-btn-pressed.png */,
				11ED176418B7A96400D36722 /* score-btn.png */,
				11ED176518B7A96400D36722 /* score-btn-pressed.png */,
				11B2F95C18B648BE0090AF41 /* ok-btn.png */,
				11B2F95D18B648BE0090AF41 /* ok-btn-pressed.png */,
				11B2F96118B648C80090AF41 /* start-btn-pressed.png */,
				11B2F96018B648C80090AF41 /* start-btn.png */,
				11B2F96818B66D990090AF41 /* logo.png */,
			);
			name = menus;
			sourceTree = "<group>";
		};
		11B2F96B18B670EB0090AF41 /* fonts */ = {
			isa = PBXGroup;
			children = (
				11B2F95A18B6418B0090AF41 /* pixelized.ttf */,
			);
			name = fonts;
			sourceTree = "<group>";
		};
		11B2F96C18B670F40090AF41 /* sounds */ = {
			isa = PBXGroup;
			children = (
				1193247B18B4B50100B485A2 /* clang.mp3 */,
				1193246F18B40C5300B485A2 /* blop.mp3 */,
				1193247018B40C5300B485A2 /* woosh.mp3 */,
			);
			name = sounds;
			sourceTree = "<group>";
		};
		11B2F96D18B671080090AF41 /* characters */ = {
			isa = PBXGroup;
			children = (
				11085E3118AD34A100954630 /* white_babor_02.png */,
				11085E3218AD34A100954630 /* white_babor_01.png */,
				11085E3318AD34A100954630 /* babor_01.png */,
				11085E3418AD34A100954630 /* babor_02.png */,
			);
			name = characters;
			sourceTree = "<group>";
		};
		11B2F96E18B671170090AF41 /* environments */ = {
			isa = PBXGroup;
			children = (
				11B2F96F18B6712B0090AF41 /* clouds.png */,
				11B2F97018B6712B0090AF41 /* ground.png */,
				11B2F97118B6712B0090AF41 /* trees.png */,
				11B2F97218B6712B0090AF41 /* dirt.png */,
				11B2F97318B6712B0090AF41 /* top-book.png */,
				11B2F97418B6712B0090AF41 /* bot-book.png */,
				11B2F97518B6712B0090AF41 /* sky.png */,
			);
			name = environments;
			sourceTree = "<group>";
		};
		11B3D6D218AB85B6006F5B7A = {
			isa = PBXGroup;
			children = (
				11B3D6E618AB85B6006F5B7A /* Dumbor */,
				11B3D6DD18AB85B6006F5B7A /* Frameworks */,
				11B3D6DC18AB85B6006F5B7A /* Products */,
			);
			sourceTree = "<group>";
		};
		11B3D6DC18AB85B6006F5B7A /* Products */ = {
			isa = PBXGroup;
			children = (
				11B3D6DB18AB85B6006F5B7A /* Fap Fap Babor.app */,
			);
			name = Products;
			sourceTree = "<group>";
		};
		11B3D6DD18AB85B6006F5B7A /* Frameworks */ = {
			isa = PBXGroup;
			children = (
				11ED177418B7BEE500D36722 /* iAd.framework */,
				11C5F8DF18B73BA300B7477C /* GameKit.framework */,
				11B3D6DE18AB85B6006F5B7A /* Foundation.framework */,
				11B3D6E018AB85B6006F5B7A /* CoreGraphics.framework */,
				11B3D6E218AB85B6006F5B7A /* UIKit.framework */,
				11B3D6E418AB85B6006F5B7A /* SpriteKit.framework */,
				11B3D70718AB85B6006F5B7A /* XCTest.framework */,
			);
			name = Frameworks;
			sourceTree = "<group>";
		};
		11B3D6E618AB85B6006F5B7A /* Dumbor */ = {
			isa = PBXGroup;
			children = (
				11B3D6EF18AB85B6006F5B7A /* AppDelegate.h */,
				11B3D6F018AB85B6006F5B7A /* AppDelegate.m */,
				11B3D6F818AB85B6006F5B7A /* GameViewController.h */,
				11B3D6F918AB85B6006F5B7A /* GameViewController.m */,
				11B2F96718B64EE40090AF41 /* Scenes */,
				11F015DE18AC035B00D2D274 /* assets */,
				11ED177618B7CBA900D36722 /* Images.xcassets */,
				11B3D6E718AB85B6006F5B7A /* Supporting Files */,
				11B3D6F218AB85B6006F5B7A /* Main_iPhone.storyboard */,
			);
			path = Dumbor;
			sourceTree = "<group>";
		};
		11B3D6E718AB85B6006F5B7A /* Supporting Files */ = {
			isa = PBXGroup;
			children = (
				11B3D6E818AB85B6006F5B7A /* Dumbor-Info.plist */,
				11B3D6E918AB85B6006F5B7A /* InfoPlist.strings */,
				11B3D6EC18AB85B6006F5B7A /* main.m */,
				11B3D6EE18AB85B6006F5B7A /* Dumbor-Prefix.pch */,
			);
			name = "Supporting Files";
			sourceTree = "<group>";
		};
		11F015DE18AC035B00D2D274 /* assets */ = {
			isa = PBXGroup;
			children = (
				11B2F96E18B671170090AF41 /* environments */,
				11B2F96D18B671080090AF41 /* characters */,
				11B2F96C18B670F40090AF41 /* sounds */,
				11B2F96B18B670EB0090AF41 /* fonts */,
				11B2F96A18B670D10090AF41 /* menus */,
			);
			name = assets;
			path = ../assets;
			sourceTree = "<group>";
		};
/* End PBXGroup section */

/* Begin PBXNativeTarget section */
		11B3D6DA18AB85B6006F5B7A /* Dumbor */ = {
			isa = PBXNativeTarget;
			buildConfigurationList = 11B3D71718AB85B6006F5B7A /* Build configuration list for PBXNativeTarget "Dumbor" */;
			buildPhases = (
				11B3D6D718AB85B6006F5B7A /* Sources */,
				11B3D6D818AB85B6006F5B7A /* Frameworks */,
				11B3D6D918AB85B6006F5B7A /* Resources */,
			);
			buildRules = (
			);
			dependencies = (
			);
			name = Dumbor;
			productName = Dumbor;
			productReference = 11B3D6DB18AB85B6006F5B7A /* Fap Fap Babor.app */;
			productType = "com.apple.product-type.application";
		};
/* End PBXNativeTarget section */

/* Begin PBXProject section */
		11B3D6D318AB85B6006F5B7A /* Project object */ = {
			isa = PBXProject;
			attributes = {
				LastUpgradeCheck = 0500;
				ORGANIZATIONNAME = "Katana SX";
				TargetAttributes = {
					11B3D6DA18AB85B6006F5B7A = {
						DevelopmentTeam = 8P9YJUJ4R2;
						SystemCapabilities = {
							com.apple.GameCenter = {
								enabled = 1;
							};
						};
					};
				};
			};
			buildConfigurationList = 11B3D6D618AB85B6006F5B7A /* Build configuration list for PBXProject "Dumbor" */;
			compatibilityVersion = "Xcode 3.2";
			developmentRegion = English;
			hasScannedForEncodings = 0;
			knownRegions = (
				en,
				Base,
			);
			mainGroup = 11B3D6D218AB85B6006F5B7A;
			productRefGroup = 11B3D6DC18AB85B6006F5B7A /* Products */;
			projectDirPath = "";
			projectRoot = "";
			targets = (
				11B3D6DA18AB85B6006F5B7A /* Dumbor */,
			);
		};
/* End PBXProject section */

/* Begin PBXResourcesBuildPhase section */
		11B3D6D918AB85B6006F5B7A /* Resources */ = {
			isa = PBXResourcesBuildPhase;
			buildActionMask = 2147483647;
			files = (
				11B2F97718B6712B0090AF41 /* ground.png in Resources */,
				1193247C18B4B50100B485A2 /* clang.mp3 in Resources */,
				11B2F97B18B6712B0090AF41 /* bot-book.png in Resources */,
				11B2F95F18B648BE0090AF41 /* ok-btn-pressed.png in Resources */,
				11ED177218B7AE6A00D36722 /* highscore.png in Resources */,
				11B2F97818B6712B0090AF41 /* trees.png in Resources */,
				11ED176618B7A96400D36722 /* score-btn.png in Resources */,
				11085E3A18AD34A100954630 /* babor_02.png in Resources */,
				11ED177318B7AE6A00D36722 /* newscore.png in Resources */,
				11B2F97A18B6712B0090AF41 /* top-book.png in Resources */,
				11ED176C18B7AC7100D36722 /* rate-btn.png in Resources */,
				11085E3818AD34A100954630 /* white_babor_01.png in Resources */,
				11B2F97918B6712B0090AF41 /* dirt.png in Resources */,
				11ED176718B7A96400D36722 /* score-btn-pressed.png in Resources */,
				11085E3918AD34A100954630 /* babor_01.png in Resources */,
				11B2F96218B648C80090AF41 /* start-btn.png in Resources */,
				11B2F96318B648C80090AF41 /* start-btn-pressed.png in Resources */,
				11B2F97C18B6712B0090AF41 /* sky.png in Resources */,
				1193247218B40C5300B485A2 /* woosh.mp3 in Resources */,
				1193247118B40C5300B485A2 /* blop.mp3 in Resources */,
				11B3D6F418AB85B6006F5B7A /* Main_iPhone.storyboard in Resources */,
				11B2F95B18B6418B0090AF41 /* pixelized.ttf in Resources */,
				11085E3718AD34A100954630 /* white_babor_02.png in Resources */,
				11B2F97618B6712B0090AF41 /* clouds.png in Resources */,
				11B2F95E18B648BE0090AF41 /* ok-btn.png in Resources */,
				11B2F96918B66D990090AF41 /* logo.png in Resources */,
				11ED177718B7CBA900D36722 /* Images.xcassets in Resources */,
				11ED176D18B7AC7100D36722 /* rate-btn-pressed.png in Resources */,
				11B3D6EB18AB85B6006F5B7A /* InfoPlist.strings in Resources */,
			);
			runOnlyForDeploymentPostprocessing = 0;
		};
/* End PBXResourcesBuildPhase section */

/* Begin PBXSourcesBuildPhase section */
		11B3D6D718AB85B6006F5B7A /* Sources */ = {
			isa = PBXSourcesBuildPhase;
			buildActionMask = 2147483647;
			files = (
				11B3D6FD18AB85B6006F5B7A /* GameScene.m in Sources */,
				11C96A1218B35F5F00E2FE93 /* MenuScene.m in Sources */,
				11B3D6FA18AB85B6006F5B7A /* GameViewController.m in Sources */,
				11B3D6F118AB85B6006F5B7A /* AppDelegate.m in Sources */,
				11C5F8DE18B7381700B7477C /* ScoreScene.m in Sources */,
				11B3D6ED18AB85B6006F5B7A /* main.m in Sources */,
			);
			runOnlyForDeploymentPostprocessing = 0;
		};
/* End PBXSourcesBuildPhase section */

/* Begin PBXVariantGroup section */
		11B3D6E918AB85B6006F5B7A /* InfoPlist.strings */ = {
			isa = PBXVariantGroup;
			children = (
				11B3D6EA18AB85B6006F5B7A /* en */,
			);
			name = InfoPlist.strings;
			sourceTree = "<group>";
		};
		11B3D6F218AB85B6006F5B7A /* Main_iPhone.storyboard */ = {
			isa = PBXVariantGroup;
			children = (
				11B3D6F318AB85B6006F5B7A /* Base */,
			);
			name = Main_iPhone.storyboard;
			sourceTree = "<group>";
		};
/* End PBXVariantGroup section */

/* Begin XCBuildConfiguration section */
		11B3D71518AB85B6006F5B7A /* Debug */ = {
			isa = XCBuildConfiguration;
			buildSettings = {
				ALWAYS_SEARCH_USER_PATHS = NO;
				ARCHS = "$(ARCHS_STANDARD_INCLUDING_64_BIT)";
				CLANG_CXX_LANGUAGE_STANDARD = "gnu++0x";
				CLANG_CXX_LIBRARY = "libc++";
				CLANG_ENABLE_MODULES = YES;
				CLANG_ENABLE_OBJC_ARC = YES;
				CLANG_WARN_BOOL_CONVERSION = YES;
				CLANG_WARN_CONSTANT_CONVERSION = YES;
				CLANG_WARN_DIRECT_OBJC_ISA_USAGE = YES_ERROR;
				CLANG_WARN_EMPTY_BODY = YES;
				CLANG_WARN_ENUM_CONVERSION = YES;
				CLANG_WARN_INT_CONVERSION = YES;
				CLANG_WARN_OBJC_ROOT_CLASS = YES_ERROR;
				CLANG_WARN__DUPLICATE_METHOD_MATCH = YES;
				"CODE_SIGN_IDENTITY[sdk=iphoneos*]" = "iPhone Developer";
				COPY_PHASE_STRIP = NO;
				GCC_C_LANGUAGE_STANDARD = gnu99;
				GCC_DYNAMIC_NO_PIC = NO;
				GCC_OPTIMIZATION_LEVEL = 0;
				GCC_PREPROCESSOR_DEFINITIONS = (
					"DEBUG=1",
					"$(inherited)",
				);
				GCC_SYMBOLS_PRIVATE_EXTERN = NO;
				GCC_WARN_64_TO_32_BIT_CONVERSION = YES;
				GCC_WARN_ABOUT_RETURN_TYPE = YES_ERROR;
				GCC_WARN_UNDECLARED_SELECTOR = YES;
				GCC_WARN_UNINITIALIZED_AUTOS = YES;
				GCC_WARN_UNUSED_FUNCTION = YES;
				GCC_WARN_UNUSED_VARIABLE = YES;
				IPHONEOS_DEPLOYMENT_TARGET = 7.0;
				ONLY_ACTIVE_ARCH = YES;
				SDKROOT = iphoneos;
				TARGETED_DEVICE_FAMILY = "1,2";
			};
			name = Debug;
		};
		11B3D71618AB85B6006F5B7A /* Release */ = {
			isa = XCBuildConfiguration;
			buildSettings = {
				ALWAYS_SEARCH_USER_PATHS = NO;
				ARCHS = "$(ARCHS_STANDARD_INCLUDING_64_BIT)";
				CLANG_CXX_LANGUAGE_STANDARD = "gnu++0x";
				CLANG_CXX_LIBRARY = "libc++";
				CLANG_ENABLE_MODULES = YES;
				CLANG_ENABLE_OBJC_ARC = YES;
				CLANG_WARN_BOOL_CONVERSION = YES;
				CLANG_WARN_CONSTANT_CONVERSION = YES;
				CLANG_WARN_DIRECT_OBJC_ISA_USAGE = YES_ERROR;
				CLANG_WARN_EMPTY_BODY = YES;
				CLANG_WARN_ENUM_CONVERSION = YES;
				CLANG_WARN_INT_CONVERSION = YES;
				CLANG_WARN_OBJC_ROOT_CLASS = YES_ERROR;
				CLANG_WARN__DUPLICATE_METHOD_MATCH = YES;
				"CODE_SIGN_IDENTITY[sdk=iphoneos*]" = "iPhone Developer";
				COPY_PHASE_STRIP = YES;
				ENABLE_NS_ASSERTIONS = NO;
				GCC_C_LANGUAGE_STANDARD = gnu99;
				GCC_WARN_64_TO_32_BIT_CONVERSION = YES;
				GCC_WARN_ABOUT_RETURN_TYPE = YES_ERROR;
				GCC_WARN_UNDECLARED_SELECTOR = YES;
				GCC_WARN_UNINITIALIZED_AUTOS = YES;
				GCC_WARN_UNUSED_FUNCTION = YES;
				GCC_WARN_UNUSED_VARIABLE = YES;
				IPHONEOS_DEPLOYMENT_TARGET = 7.0;
				SDKROOT = iphoneos;
				TARGETED_DEVICE_FAMILY = "1,2";
				VALIDATE_PRODUCT = YES;
			};
			name = Release;
		};
		11B3D71818AB85B6006F5B7A /* Debug */ = {
			isa = XCBuildConfiguration;
			buildSettings = {
				ASSETCATALOG_COMPILER_APPICON_NAME = AppIcon;
				ASSETCATALOG_COMPILER_LAUNCHIMAGE_NAME = LaunchImage;
				CODE_SIGN_IDENTITY = "iPhone Developer";
				"CODE_SIGN_IDENTITY[sdk=iphoneos*]" = "iPhone Developer";
				GCC_PRECOMPILE_PREFIX_HEADER = YES;
				GCC_PREFIX_HEADER = "Dumbor/Dumbor-Prefix.pch";
				INFOPLIST_FILE = "Dumbor/Dumbor-Info.plist";
				PRODUCT_NAME = "Fap Fap Babor";
				PROVISIONING_PROFILE = "E4BAB256-A615-46AC-A876-932E9B9AFA7A";
				SPRITEKIT_TEXTURE_ATLAS_OUTPUT = YES;
				TARGETED_DEVICE_FAMILY = 1;
				WRAPPER_EXTENSION = app;
			};
			name = Debug;
		};
		11B3D71918AB85B6006F5B7A /* Release */ = {
			isa = XCBuildConfiguration;
			buildSettings = {
				ASSETCATALOG_COMPILER_APPICON_NAME = AppIcon;
				ASSETCATALOG_COMPILER_LAUNCHIMAGE_NAME = LaunchImage;
				CODE_SIGN_IDENTITY = "iPhone Developer";
				"CODE_SIGN_IDENTITY[sdk=iphoneos*]" = "iPhone Developer";
				GCC_PRECOMPILE_PREFIX_HEADER = YES;
				GCC_PREFIX_HEADER = "Dumbor/Dumbor-Prefix.pch";
				INFOPLIST_FILE = "Dumbor/Dumbor-Info.plist";
				PRODUCT_NAME = "Fap Fap Babor";
				PROVISIONING_PROFILE = "E4BAB256-A615-46AC-A876-932E9B9AFA7A";
				SPRITEKIT_TEXTURE_ATLAS_OUTPUT = YES;
				TARGETED_DEVICE_FAMILY = 1;
				WRAPPER_EXTENSION = app;
			};
			name = Release;
		};
/* End XCBuildConfiguration section */

/* Begin XCConfigurationList section */
		11B3D6D618AB85B6006F5B7A /* Build configuration list for PBXProject "Dumbor" */ = {
			isa = XCConfigurationList;
			buildConfigurations = (
				11B3D71518AB85B6006F5B7A /* Debug */,
				11B3D71618AB85B6006F5B7A /* Release */,
			);
			defaultConfigurationIsVisible = 0;
			defaultConfigurationName = Release;
		};
		11B3D71718AB85B6006F5B7A /* Build configuration list for PBXNativeTarget "Dumbor" */ = {
			isa = XCConfigurationList;
			buildConfigurations = (
				11B3D71818AB85B6006F5B7A /* Debug */,
				11B3D71918AB85B6006F5B7A /* Release */,
			);
			defaultConfigurationIsVisible = 0;
			defaultConfigurationName = Release;
		};
/* End XCConfigurationList section */
	};
	rootObject = 11B3D6D318AB85B6006F5B7A /* Project object */;
}
